
Microsoft Visual Studio Solution File, Format Version 12.00
# Visual Studio Version 16
VisualStudioVersion = 16.0.31112.23
MinimumVisualStudioVersion = 10.0.40219.1
Project("{9A19103F-16F7-4668-BE54-9A1E7A4F7556}") = "HelloWorldBot", "HelloWorldBot\HelloWorldBot.csproj", "{B20C1C3D-1607-49C4-932C-FD07EA861812}"
EndProject
Project("{9A19103F-16F7-4668-BE54-9A1E7A4F7556}") = "CommandBotParser", "CommandBotParser\CommandBotParser.csproj", "{7D0B75CB-5A49-42A4-87E2-1B6FF620ADF1}"
EndProject
Project("{9A19103F-16F7-4668-BE54-9A1E7A4F7556}") = "Model", "Model\Model.csproj", "{A4A639BC-E5B0-4987-9BF2-03FDB10A56FB}"
EndProject
Project("{9A19103F-16F7-4668-BE54-9A1E7A4F7556}") = "DataProvider", "DataProvider\DataProvider.csproj", "{BFAEA203-15AB-4010-A2A4-5406361C1F31}"
EndProject
Project("{9A19103F-16F7-4668-BE54-9A1E7A4F7556}") = "HelenFlowerBotApp", "HelenFlowerBotApp\HelenFlowerBotApp.csproj", "{2B6638A1-CAC9-4A7D-AF03-09B8089BF608}"
EndProject
Global
	GlobalSection(SolutionConfigurationPlatforms) = preSolution
		Debug|Any CPU = Debug|Any CPU
		Release|Any CPU = Release|Any CPU
	EndGlobalSection
	GlobalSection(ProjectConfigurationPlatforms) = postSolution
		{B20C1C3D-1607-49C4-932C-FD07EA861812}.Debug|Any CPU.ActiveCfg = Debug|Any CPU
		{B20C1C3D-1607-49C4-932C-FD07EA861812}.Debug|Any CPU.Build.0 = Debug|Any CPU
		{B20C1C3D-1607-49C4-932C-FD07EA861812}.Release|Any CPU.ActiveCfg = Release|Any CPU
		{B20C1C3D-1607-49C4-932C-FD07EA861812}.Release|Any CPU.Build.0 = Release|Any CPU
		{7D0B75CB-5A49-42A4-87E2-1B6FF620ADF1}.Debug|Any CPU.ActiveCfg = Debug|Any CPU
		{7D0B75CB-5A49-42A4-87E2-1B6FF620ADF1}.Debug|Any CPU.Build.0 = Debug|Any CPU
		{7D0B75CB-5A49-42A4-87E2-1B6FF620ADF1}.Release|Any CPU.ActiveCfg = Release|Any CPU
		{7D0B75CB-5A49-42A4-87E2-1B6FF620ADF1}.Release|Any CPU.Build.0 = Release|Any CPU
		{A4A639BC-E5B0-4987-9BF2-03FDB10A56FB}.Debug|Any CPU.ActiveCfg = Debug|Any CPU
		{A4A639BC-E5B0-4987-9BF2-03FDB10A56FB}.Debug|Any CPU.Build.0 = Debug|Any CPU
		{A4A639BC-E5B0-4987-9BF2-03FDB10A56FB}.Release|Any CPU.ActiveCfg = Release|Any CPU
		{A4A639BC-E5B0-4987-9BF2-03FDB10A56FB}.Release|Any CPU.Build.0 = Release|Any CPU
		{BFAEA203-15AB-4010-A2A4-5406361C1F31}.Debug|Any CPU.ActiveCfg = Debug|Any CPU
		{BFAEA203-15AB-4010-A2A4-5406361C1F31}.Debug|Any CPU.Build.0 = Debug|Any CPU
		{BFAEA203-15AB-4010-A2A4-5406361C1F31}.Release|Any CPU.ActiveCfg = Release|Any CPU
		{BFAEA203-15AB-4010-A2A4-5406361C1F31}.Release|Any CPU.Build.0 = Release|Any CPU
		{2B6638A1-CAC9-4A7D-AF03-09B8089BF608}.Debug|Any CPU.ActiveCfg = Debug|Any CPU
		{2B6638A1-CAC9-4A7D-AF03-09B8089BF608}.Debug|Any CPU.Build.0 = Debug|Any CPU
		{2B6638A1-CAC9-4A7D-AF03-09B8089BF608}.Release|Any CPU.ActiveCfg = Release|Any CPU
		{2B6638A1-CAC9-4A7D-AF03-09B8089BF608}.Release|Any CPU.Build.0 = Release|Any CPU
	EndGlobalSection
	GlobalSection(SolutionProperties) = preSolution
		HideSolutionNode = FALSE
	EndGlobalSection
	GlobalSection(ExtensibilityGlobals) = postSolution
		SolutionGuid = {5FC9D733-8AE6-4B43-A9CE-A6E586F37289}
	EndGlobalSection
EndGlobal
